
Microsoft Visual Studio Solution File, Format Version 12.00
# Visual Studio Version 17
VisualStudioVersion = 17.8.34525.116
MinimumVisualStudioVersion = 10.0.40219.1
Project("{FAE04EC0-301F-11D3-BF4B-00C04F79EFBC}") = "RepositoryPattern", "RepositoryPattern\RepositoryPattern.csproj", "{3F45E772-0697-43C9-A7DE-C0CC96846E2A}"
EndProject
Project("{FAE04EC0-301F-11D3-BF4B-00C04F79EFBC}") = "RepositoryPattern.Database", "RepositoryPattern.Database\RepositoryPattern.Database.csproj", "{03F762AE-1933-4B60-AE1D-CEE33825A1DE}"
EndProject
Project("{FAE04EC0-301F-11D3-BF4B-00C04F79EFBC}") = "RepositoryPattern.Repository", "RepositoryPattern.Repository\RepositoryPattern.Repository.csproj", "{6F60EA1D-AAF5-4CC0-B904-8098AAF3AC6E}"
EndProject
Global
	GlobalSection(SolutionConfigurationPlatforms) = preSolution
		Debug|Any CPU = Debug|Any CPU
		Release|Any CPU = Release|Any CPU
	EndGlobalSection
	GlobalSection(ProjectConfigurationPlatforms) = postSolution
		{3F45E772-0697-43C9-A7DE-C0CC96846E2A}.Debug|Any CPU.ActiveCfg = Debug|Any CPU
		{3F45E772-0697-43C9-A7DE-C0CC96846E2A}.Debug|Any CPU.Build.0 = Debug|Any CPU
		{3F45E772-0697-43C9-A7DE-C0CC96846E2A}.Release|Any CPU.ActiveCfg = Release|Any CPU
		{3F45E772-0697-43C9-A7DE-C0CC96846E2A}.Release|Any CPU.Build.0 = Release|Any CPU
		{03F762AE-1933-4B60-AE1D-CEE33825A1DE}.Debug|Any CPU.ActiveCfg = Debug|Any CPU
		{03F762AE-1933-4B60-AE1D-CEE33825A1DE}.Debug|Any CPU.Build.0 = Debug|Any CPU
		{03F762AE-1933-4B60-AE1D-CEE33825A1DE}.Release|Any CPU.ActiveCfg = Release|Any CPU
		{03F762AE-1933-4B60-AE1D-CEE33825A1DE}.Release|Any CPU.Build.0 = Release|Any CPU
		{6F60EA1D-AAF5-4CC0-B904-8098AAF3AC6E}.Debug|Any CPU.ActiveCfg = Debug|Any CPU
		{6F60EA1D-AAF5-4CC0-B904-8098AAF3AC6E}.Debug|Any CPU.Build.0 = Debug|Any CPU
		{6F60EA1D-AAF5-4CC0-B904-8098AAF3AC6E}.Release|Any CPU.ActiveCfg = Release|Any CPU
		{6F60EA1D-AAF5-4CC0-B904-8098AAF3AC6E}.Release|Any CPU.Build.0 = Release|Any CPU
	EndGlobalSection
	GlobalSection(SolutionProperties) = preSolution
		HideSolutionNode = FALSE
	EndGlobalSection
	GlobalSection(ExtensibilityGlobals) = postSolution
		SolutionGuid = {64F7C952-02CD-4BC9-BDDA-39B7B3C0A25A}
	EndGlobalSection
EndGlobal
